
Microsoft Visual Studio Solution File, Format Version 12.00
# Visual Studio Version 17
VisualStudioVersion = 17.8.34330.188
MinimumVisualStudioVersion = 10.0.40219.1
Project("{8BC9CEB8-8B4A-11D0-8D11-00A0C91BC942}") = "2024-CPP", "2024-CPP\2024-CPP.vcxproj", "{DAC29FDF-26F7-46C9-B52B-39952B69F101}"
EndProject
Project("{8BC9CEB8-8B4A-11D0-8D11-00A0C91BC942}") = "BrickG", "BrickG\BrickG.vcxproj", "{92510F84-45BA-4A79-9BE8-E130D4689E2C}"
EndProject
Project("{8BC9CEB8-8B4A-11D0-8D11-00A0C91BC942}") = "shootingG", "shootingG\shootingG.vcxproj", "{DC42E013-2DC3-435D-9E09-8D3308A07417}"
EndProject
Global
	GlobalSection(SolutionConfigurationPlatforms) = preSolution
		Debug|x64 = Debug|x64
		Debug|x86 = Debug|x86
		Release|x64 = Release|x64
		Release|x86 = Release|x86
	EndGlobalSection
	GlobalSection(ProjectConfigurationPlatforms) = postSolution
		{DAC29FDF-26F7-46C9-B52B-39952B69F101}.Debug|x64.ActiveCfg = Debug|x64
		{DAC29FDF-26F7-46C9-B52B-39952B69F101}.Debug|x64.Build.0 = Debug|x64
		{DAC29FDF-26F7-46C9-B52B-39952B69F101}.Debug|x86.ActiveCfg = Debug|Win32
		{DAC29FDF-26F7-46C9-B52B-39952B69F101}.Debug|x86.Build.0 = Debug|Win32
		{DAC29FDF-26F7-46C9-B52B-39952B69F101}.Release|x64.ActiveCfg = Release|x64
		{DAC29FDF-26F7-46C9-B52B-39952B69F101}.Release|x64.Build.0 = Release|x64
		{DAC29FDF-26F7-46C9-B52B-39952B69F101}.Release|x86.ActiveCfg = Release|Win32
		{DAC29FDF-26F7-46C9-B52B-39952B69F101}.Release|x86.Build.0 = Release|Win32
		{92510F84-45BA-4A79-9BE8-E130D4689E2C}.Debug|x64.ActiveCfg = Debug|x64
		{92510F84-45BA-4A79-9BE8-E130D4689E2C}.Debug|x64.Build.0 = Debug|x64
		{92510F84-45BA-4A79-9BE8-E130D4689E2C}.Debug|x86.ActiveCfg = Debug|Win32
		{92510F84-45BA-4A79-9BE8-E130D4689E2C}.Debug|x86.Build.0 = Debug|Win32
		{92510F84-45BA-4A79-9BE8-E130D4689E2C}.Release|x64.ActiveCfg = Release|x64
		{92510F84-45BA-4A79-9BE8-E130D4689E2C}.Release|x64.Build.0 = Release|x64
		{92510F84-45BA-4A79-9BE8-E130D4689E2C}.Release|x86.ActiveCfg = Release|Win32
		{92510F84-45BA-4A79-9BE8-E130D4689E2C}.Release|x86.Build.0 = Release|Win32
		{DC42E013-2DC3-435D-9E09-8D3308A07417}.Debug|x64.ActiveCfg = Debug|x64
		{DC42E013-2DC3-435D-9E09-8D3308A07417}.Debug|x64.Build.0 = Debug|x64
		{DC42E013-2DC3-435D-9E09-8D3308A07417}.Debug|x86.ActiveCfg = Debug|Win32
		{DC42E013-2DC3-435D-9E09-8D3308A07417}.Debug|x86.Build.0 = Debug|Win32
		{DC42E013-2DC3-435D-9E09-8D3308A07417}.Release|x64.ActiveCfg = Release|x64
		{DC42E013-2DC3-435D-9E09-8D3308A07417}.Release|x64.Build.0 = Release|x64
		{DC42E013-2DC3-435D-9E09-8D3308A07417}.Release|x86.ActiveCfg = Release|Win32
		{DC42E013-2DC3-435D-9E09-8D3308A07417}.Release|x86.Build.0 = Release|Win32
	EndGlobalSection
	GlobalSection(SolutionProperties) = preSolution
		HideSolutionNode = FALSE
	EndGlobalSection
	GlobalSection(ExtensibilityGlobals) = postSolution
		SolutionGuid = {50817516-915C-4BE6-8D14-2C60DF7A3FD3}
	EndGlobalSection
EndGlobal
